
Microsoft Visual Studio Solution File, Format Version 12.00
# Visual Studio Version 16
VisualStudioVersion = 16.0.30907.101
MinimumVisualStudioVersion = 10.0.40219.1
Project("{FAE04EC0-301F-11D3-BF4B-00C04F79EFBC}") = "Web", "Web\Web.csproj", "{0322AAA8-5EEA-4D71-ABE6-1B72D878954E}"
EndProject
Project("{FAE04EC0-301F-11D3-BF4B-00C04F79EFBC}") = "Data", "Data\Data.csproj", "{FC7D01BB-9988-4A8B-AE00-C1CD8B4FBB76}"
EndProject
Global
	GlobalSection(SolutionConfigurationPlatforms) = preSolution
		Debug|Any CPU = Debug|Any CPU
		Release|Any CPU = Release|Any CPU
	EndGlobalSection
	GlobalSection(ProjectConfigurationPlatforms) = postSolution
		{0322AAA8-5EEA-4D71-ABE6-1B72D878954E}.Debug|Any CPU.ActiveCfg = Debug|Any CPU
		{0322AAA8-5EEA-4D71-ABE6-1B72D878954E}.Debug|Any CPU.Build.0 = Debug|Any CPU
		{0322AAA8-5EEA-4D71-ABE6-1B72D878954E}.Release|Any CPU.ActiveCfg = Release|Any CPU
		{0322AAA8-5EEA-4D71-ABE6-1B72D878954E}.Release|Any CPU.Build.0 = Release|Any CPU
		{FC7D01BB-9988-4A8B-AE00-C1CD8B4FBB76}.Debug|Any CPU.ActiveCfg = Debug|Any CPU
		{FC7D01BB-9988-4A8B-AE00-C1CD8B4FBB76}.Debug|Any CPU.Build.0 = Debug|Any CPU
		{FC7D01BB-9988-4A8B-AE00-C1CD8B4FBB76}.Release|Any CPU.ActiveCfg = Release|Any CPU
		{FC7D01BB-9988-4A8B-AE00-C1CD8B4FBB76}.Release|Any CPU.Build.0 = Release|Any CPU
	EndGlobalSection
	GlobalSection(SolutionProperties) = preSolution
		HideSolutionNode = FALSE
	EndGlobalSection
	GlobalSection(ExtensibilityGlobals) = postSolution
		SolutionGuid = {D15F5C63-B817-4314-864F-854C4097EB31}
	EndGlobalSection
EndGlobal
